
Microsoft Visual Studio Solution File, Format Version 12.00
# Visual Studio 15
VisualStudioVersion = 15.0.28307.572
MinimumVisualStudioVersion = 10.0.40219.1
Project("{FAE04EC0-301F-11D3-BF4B-00C04F79EFBC}") = "Sanitex Uzduotis", "Sanitex Uzduotis\Sanitex Uzduotis.csproj", "{60295FD0-4D1D-4AC5-8054-9A230A99A9BA}"
EndProject
Global
	GlobalSection(SolutionConfigurationPlatforms) = preSolution
		Debug|Any CPU = Debug|Any CPU
		Release|Any CPU = Release|Any CPU
	EndGlobalSection
	GlobalSection(ProjectConfigurationPlatforms) = postSolution
		{60295FD0-4D1D-4AC5-8054-9A230A99A9BA}.Debug|Any CPU.ActiveCfg = Debug|Any CPU
		{60295FD0-4D1D-4AC5-8054-9A230A99A9BA}.Debug|Any CPU.Build.0 = Debug|Any CPU
		{60295FD0-4D1D-4AC5-8054-9A230A99A9BA}.Release|Any CPU.ActiveCfg = Release|Any CPU
		{60295FD0-4D1D-4AC5-8054-9A230A99A9BA}.Release|Any CPU.Build.0 = Release|Any CPU
	EndGlobalSection
	GlobalSection(SolutionProperties) = preSolution
		HideSolutionNode = FALSE
	EndGlobalSection
	GlobalSection(ExtensibilityGlobals) = postSolution
		SolutionGuid = {19D11DA3-C45E-4328-B646-4D9D21A7A6AF}
	EndGlobalSection
EndGlobal
